
Microsoft Visual Studio Solution File, Format Version 12.00
# Visual Studio Version 16
VisualStudioVersion = 16.0.31410.357
MinimumVisualStudioVersion = 10.0.40219.1
Project("{8BC9CEB8-8B4A-11D0-8D11-00A0C91BC942}") = "absdif", "absdif\absdif.vcxproj", "{EA014C76-3CE3-492A-850B-6AE7F1B46FCC}"
EndProject
Project("{8BC9CEB8-8B4A-11D0-8D11-00A0C91BC942}") = "c2f", "c2f\c2f.vcxproj", "{44FBA659-7BBB-4BE4-8900-C765445196D9}"
EndProject
Project("{8BC9CEB8-8B4A-11D0-8D11-00A0C91BC942}") = "evenorodd", "evenorodd\evenorodd.vcxproj", "{EA77698D-CC40-4EE2-AD9C-8E50D67120BC}"
EndProject
Project("{8BC9CEB8-8B4A-11D0-8D11-00A0C91BC942}") = "lastdigit", "lastdigit\lastdigit.vcxproj", "{F1406FDE-A2D0-4D9A-A897-D5DECAE47162}"
EndProject
Project("{8BC9CEB8-8B4A-11D0-8D11-00A0C91BC942}") = "guessinggame", "guessinggame\guessinggame.vcxproj", "{31E7D4F9-1C05-4441-AA03-2B976FFD1D1B}"
EndProject
Project("{8BC9CEB8-8B4A-11D0-8D11-00A0C91BC942}") = "Swap", "Swap\Swap.vcxproj", "{CAE02414-4EDD-4B8A-88C5-38F577698034}"
EndProject
Project("{8BC9CEB8-8B4A-11D0-8D11-00A0C91BC942}") = "reversecollection", "reversecollection\reversecollection.vcxproj", "{21129464-CF2F-4C24-B9F1-C8513EF9972F}"
EndProject
Global
	GlobalSection(SolutionConfigurationPlatforms) = preSolution
		Debug|x64 = Debug|x64
		Debug|x86 = Debug|x86
		Release|x64 = Release|x64
		Release|x86 = Release|x86
	EndGlobalSection
	GlobalSection(ProjectConfigurationPlatforms) = postSolution
		{EA014C76-3CE3-492A-850B-6AE7F1B46FCC}.Debug|x64.ActiveCfg = Debug|x64
		{EA014C76-3CE3-492A-850B-6AE7F1B46FCC}.Debug|x64.Build.0 = Debug|x64
		{EA014C76-3CE3-492A-850B-6AE7F1B46FCC}.Debug|x86.ActiveCfg = Debug|Win32
		{EA014C76-3CE3-492A-850B-6AE7F1B46FCC}.Debug|x86.Build.0 = Debug|Win32
		{EA014C76-3CE3-492A-850B-6AE7F1B46FCC}.Release|x64.ActiveCfg = Release|x64
		{EA014C76-3CE3-492A-850B-6AE7F1B46FCC}.Release|x64.Build.0 = Release|x64
		{EA014C76-3CE3-492A-850B-6AE7F1B46FCC}.Release|x86.ActiveCfg = Release|Win32
		{EA014C76-3CE3-492A-850B-6AE7F1B46FCC}.Release|x86.Build.0 = Release|Win32
		{44FBA659-7BBB-4BE4-8900-C765445196D9}.Debug|x64.ActiveCfg = Debug|x64
		{44FBA659-7BBB-4BE4-8900-C765445196D9}.Debug|x64.Build.0 = Debug|x64
		{44FBA659-7BBB-4BE4-8900-C765445196D9}.Debug|x86.ActiveCfg = Debug|Win32
		{44FBA659-7BBB-4BE4-8900-C765445196D9}.Debug|x86.Build.0 = Debug|Win32
		{44FBA659-7BBB-4BE4-8900-C765445196D9}.Release|x64.ActiveCfg = Release|x64
		{44FBA659-7BBB-4BE4-8900-C765445196D9}.Release|x64.Build.0 = Release|x64
		{44FBA659-7BBB-4BE4-8900-C765445196D9}.Release|x86.ActiveCfg = Release|Win32
		{44FBA659-7BBB-4BE4-8900-C765445196D9}.Release|x86.Build.0 = Release|Win32
		{EA77698D-CC40-4EE2-AD9C-8E50D67120BC}.Debug|x64.ActiveCfg = Debug|x64
		{EA77698D-CC40-4EE2-AD9C-8E50D67120BC}.Debug|x64.Build.0 = Debug|x64
		{EA77698D-CC40-4EE2-AD9C-8E50D67120BC}.Debug|x86.ActiveCfg = Debug|Win32
		{EA77698D-CC40-4EE2-AD9C-8E50D67120BC}.Debug|x86.Build.0 = Debug|Win32
		{EA77698D-CC40-4EE2-AD9C-8E50D67120BC}.Release|x64.ActiveCfg = Release|x64
		{EA77698D-CC40-4EE2-AD9C-8E50D67120BC}.Release|x64.Build.0 = Release|x64
		{EA77698D-CC40-4EE2-AD9C-8E50D67120BC}.Release|x86.ActiveCfg = Release|Win32
		{EA77698D-CC40-4EE2-AD9C-8E50D67120BC}.Release|x86.Build.0 = Release|Win32
		{F1406FDE-A2D0-4D9A-A897-D5DECAE47162}.Debug|x64.ActiveCfg = Debug|x64
		{F1406FDE-A2D0-4D9A-A897-D5DECAE47162}.Debug|x64.Build.0 = Debug|x64
		{F1406FDE-A2D0-4D9A-A897-D5DECAE47162}.Debug|x86.ActiveCfg = Debug|Win32
		{F1406FDE-A2D0-4D9A-A897-D5DECAE47162}.Debug|x86.Build.0 = Debug|Win32
		{F1406FDE-A2D0-4D9A-A897-D5DECAE47162}.Release|x64.ActiveCfg = Release|x64
		{F1406FDE-A2D0-4D9A-A897-D5DECAE47162}.Release|x64.Build.0 = Release|x64
		{F1406FDE-A2D0-4D9A-A897-D5DECAE47162}.Release|x86.ActiveCfg = Release|Win32
		{F1406FDE-A2D0-4D9A-A897-D5DECAE47162}.Release|x86.Build.0 = Release|Win32
		{31E7D4F9-1C05-4441-AA03-2B976FFD1D1B}.Debug|x64.ActiveCfg = Debug|x64
		{31E7D4F9-1C05-4441-AA03-2B976FFD1D1B}.Debug|x64.Build.0 = Debug|x64
		{31E7D4F9-1C05-4441-AA03-2B976FFD1D1B}.Debug|x86.ActiveCfg = Debug|Win32
		{31E7D4F9-1C05-4441-AA03-2B976FFD1D1B}.Debug|x86.Build.0 = Debug|Win32
		{31E7D4F9-1C05-4441-AA03-2B976FFD1D1B}.Release|x64.ActiveCfg = Release|x64
		{31E7D4F9-1C05-4441-AA03-2B976FFD1D1B}.Release|x64.Build.0 = Release|x64
		{31E7D4F9-1C05-4441-AA03-2B976FFD1D1B}.Release|x86.ActiveCfg = Release|Win32
		{31E7D4F9-1C05-4441-AA03-2B976FFD1D1B}.Release|x86.Build.0 = Release|Win32
		{CAE02414-4EDD-4B8A-88C5-38F577698034}.Debug|x64.ActiveCfg = Debug|x64
		{CAE02414-4EDD-4B8A-88C5-38F577698034}.Debug|x64.Build.0 = Debug|x64
		{CAE02414-4EDD-4B8A-88C5-38F577698034}.Debug|x86.ActiveCfg = Debug|Win32
		{CAE02414-4EDD-4B8A-88C5-38F577698034}.Debug|x86.Build.0 = Debug|Win32
		{CAE02414-4EDD-4B8A-88C5-38F577698034}.Release|x64.ActiveCfg = Release|x64
		{CAE02414-4EDD-4B8A-88C5-38F577698034}.Release|x64.Build.0 = Release|x64
		{CAE02414-4EDD-4B8A-88C5-38F577698034}.Release|x86.ActiveCfg = Release|Win32
		{CAE02414-4EDD-4B8A-88C5-38F577698034}.Release|x86.Build.0 = Release|Win32
		{21129464-CF2F-4C24-B9F1-C8513EF9972F}.Debug|x64.ActiveCfg = Debug|x64
		{21129464-CF2F-4C24-B9F1-C8513EF9972F}.Debug|x64.Build.0 = Debug|x64
		{21129464-CF2F-4C24-B9F1-C8513EF9972F}.Debug|x86.ActiveCfg = Debug|Win32
		{21129464-CF2F-4C24-B9F1-C8513EF9972F}.Debug|x86.Build.0 = Debug|Win32
		{21129464-CF2F-4C24-B9F1-C8513EF9972F}.Release|x64.ActiveCfg = Release|x64
		{21129464-CF2F-4C24-B9F1-C8513EF9972F}.Release|x64.Build.0 = Release|x64
		{21129464-CF2F-4C24-B9F1-C8513EF9972F}.Release|x86.ActiveCfg = Release|Win32
		{21129464-CF2F-4C24-B9F1-C8513EF9972F}.Release|x86.Build.0 = Release|Win32
	EndGlobalSection
	GlobalSection(SolutionProperties) = preSolution
		HideSolutionNode = FALSE
	EndGlobalSection
	GlobalSection(ExtensibilityGlobals) = postSolution
		SolutionGuid = {61B1E641-FD6C-4B8A-A218-3BB6FEC8EA32}
	EndGlobalSection
EndGlobal
